
Microsoft Visual Studio Solution File, Format Version 12.00
# Visual Studio 2017
Project("{FAE04EC0-301F-11D3-BF4B-00C04F79EFBC}") = "gol", "gol.csproj", "{17FEF0D6-9F6B-42B3-B724-851BD1149129}"
EndProject
Global
	GlobalSection(SolutionConfigurationPlatforms) = preSolution
		Debug|Any CPU = Debug|Any CPU
		Release|Any CPU = Release|Any CPU
	EndGlobalSection
	GlobalSection(ProjectConfigurationPlatforms) = postSolution
		{17FEF0D6-9F6B-42B3-B724-851BD1149129}.Debug|Any CPU.ActiveCfg = Debug|Any CPU
		{17FEF0D6-9F6B-42B3-B724-851BD1149129}.Debug|Any CPU.Build.0 = Debug|Any CPU
		{17FEF0D6-9F6B-42B3-B724-851BD1149129}.Release|Any CPU.ActiveCfg = Release|Any CPU
		{17FEF0D6-9F6B-42B3-B724-851BD1149129}.Release|Any CPU.Build.0 = Release|Any CPU
	EndGlobalSection
EndGlobal
